{"filter":false,"title":"package-lock.json","tooltip":"/app/package-lock.json","undoManager":{"mark":-1,"position":-1,"stack":[]},"ace":{"folds":[],"scrolltop":0,"scrollleft":0,"selection":{"start":{"row":0,"column":0},"end":{"row":0,"column":0},"isBackwards":false},"options":{"guessTabSize":true,"useWrapMode":false,"wrapToView":true},"firstLineState":0},"timestamp":1640620134052,"hash":"96950a6ecf66885c8d8f82ebe4eb1a7270e51dfd"}